{
  "name": "three-to-wl-mesh",
  "version": "1.0.0",
  "lockfileVersion": 2,
  "requires": true,
  "packages": {
    "": {
      "name": "three-to-wl-mesh",
      "version": "1.0.0",
      "license": "ISC",
      "dependencies": {
        "@wonderlandengine/api": "^1.0.0-rc.3",
        "three": "^0.151.3"
      }
    },
    "node_modules/@types/webxr": {
      "version": "0.5.1",
      "resolved": "https://registry.npmjs.org/@types/webxr/-/webxr-0.5.1.tgz",
      "integrity": "sha512-xlFXPfgJR5vIuDefhaHuUM9uUgvPaXB6GKdXy2gdEh8gBWQZ2ul24AJz3foUd8NNKlSTQuWYJpCb1/pL81m1KQ=="
    },
    "node_modules/@wonderlandengine/api": {
      "version": "1.0.0-rc.3",
      "resolved": "https://registry.npmjs.org/@wonderlandengine/api/-/api-1.0.0-rc.3.tgz",
      "integrity": "sha512-keJiI9lPzCuO5mRPFeMdPQt+tnpKzVdaLJJChAjLZzEcz2S/k5xbJTy8Z6c0uJuzkOTaKmwvMIsetuuQUcinGg==",
      "dependencies": {
        "@types/webxr": "^0.5.0",
        "wasm-feature-detect": "^1.3.0"
      }
    },
    "node_modules/three": {
      "version": "0.151.3",
      "resolved": "https://registry.npmjs.org/three/-/three-0.151.3.tgz",
      "integrity": "sha512-+vbuqxFy8kzLeO5MgpBHUvP/EAiecaDwDuOPPDe6SbrZr96kccF0ktLngXc7xA7bzyd3N0t2f6mw3Z9y6JCojQ=="
    },
    "node_modules/wasm-feature-detect": {
      "version": "1.5.1",
      "resolved": "https://registry.npmjs.org/wasm-feature-detect/-/wasm-feature-detect-1.5.1.tgz",
      "integrity": "sha512-GHr23qmuehNXHY4902/hJ6EV5sUANIJC3R/yMfQ7hWDg3nfhlcJfnIL96R2ohpIwa62araN6aN4bLzzzq5GXkg=="
    }
  },
  "dependencies": {
    "@types/webxr": {
      "version": "0.5.1",
      "resolved": "https://registry.npmjs.org/@types/webxr/-/webxr-0.5.1.tgz",
      "integrity": "sha512-xlFXPfgJR5vIuDefhaHuUM9uUgvPaXB6GKdXy2gdEh8gBWQZ2ul24AJz3foUd8NNKlSTQuWYJpCb1/pL81m1KQ=="
    },
    "@wonderlandengine/api": {
      "version": "1.0.0-rc.3",
      "resolved": "https://registry.npmjs.org/@wonderlandengine/api/-/api-1.0.0-rc.3.tgz",
      "integrity": "sha512-keJiI9lPzCuO5mRPFeMdPQt+tnpKzVdaLJJChAjLZzEcz2S/k5xbJTy8Z6c0uJuzkOTaKmwvMIsetuuQUcinGg==",
      "requires": {
        "@types/webxr": "^0.5.0",
        "wasm-feature-detect": "^1.3.0"
      }
    },
    "three": {
      "version": "0.151.3",
      "resolved": "https://registry.npmjs.org/three/-/three-0.151.3.tgz",
      "integrity": "sha512-+vbuqxFy8kzLeO5MgpBHUvP/EAiecaDwDuOPPDe6SbrZr96kccF0ktLngXc7xA7bzyd3N0t2f6mw3Z9y6JCojQ=="
    },
    "wasm-feature-detect": {
      "version": "1.5.1",
      "resolved": "https://registry.npmjs.org/wasm-feature-detect/-/wasm-feature-detect-1.5.1.tgz",
      "integrity": "sha512-GHr23qmuehNXHY4902/hJ6EV5sUANIJC3R/yMfQ7hWDg3nfhlcJfnIL96R2ohpIwa62araN6aN4bLzzzq5GXkg=="
    }
  }
}
